{
  "requires": true,
  "lockfileVersion": 1,
  "dependencies": {
    "base64-arraybuffer": {
      "version": "0.2.0",
      "resolved": "https://registry.npmjs.org/base64-arraybuffer/-/base64-arraybuffer-0.2.0.tgz",
      "integrity": "sha512-7emyCsu1/xiBXgQZrscw/8KPRT44I4Yq9Pe6EGs3aPRTsWuggML1/1DTuZUuIaJPIm1FTDUVXl4x/yW8s0kQDQ=="
    },
    "countup": {
      "version": "1.8.2",
      "resolved": "https://registry.npmjs.org/countup/-/countup-1.8.2.tgz",
      "integrity": "sha1-AhzMam+WRUDGsn7WRoGvJ/tV8BA="
    },
    "css-line-break": {
      "version": "1.1.1",
      "resolved": "https://registry.npmjs.org/css-line-break/-/css-line-break-1.1.1.tgz",
      "integrity": "sha512-1feNVaM4Fyzdj4mKPIQNL2n70MmuYzAXZ1aytlROFX1JsOo070OsugwGjj7nl6jnDJWHDM8zRZswkmeYVWZJQA==",
      "requires": {
        "base64-arraybuffer": "^0.2.0"
      }
    },
    "disintegrate": {
      "version": "1.0.1",
      "resolved": "https://registry.npmjs.org/disintegrate/-/disintegrate-1.0.1.tgz",
      "integrity": "sha512-iUBVO1kRrGMip2OMhhUqqAoEngtXS117T6f7MEdvgOMXlNYxV3YRkPkWHAS8VQge9za1StjPfENifN7EAmibKQ==",
      "requires": {
        "html2canvas": "^1.0.0-alpha.12"
      }
    },
    "html2canvas": {
      "version": "1.0.0-rc.7",
      "resolved": "https://registry.npmjs.org/html2canvas/-/html2canvas-1.0.0-rc.7.tgz",
      "integrity": "sha512-yvPNZGejB2KOyKleZspjK/NruXVQuowu8NnV2HYG7gW7ytzl+umffbtUI62v2dCHQLDdsK6HIDtyJZ0W3neerA==",
      "requires": {
        "css-line-break": "1.1.1"
      }
    },
    "ionicons": {
      "version": "5.1.2",
      "resolved": "https://registry.npmjs.org/ionicons/-/ionicons-5.1.2.tgz",
      "integrity": "sha512-zO7ZgbBbXhpA7cXO2rDzTNdcCqErjg1Sprq/ossTvaiV0MriOjRE7JO3EGvYjDTPzF9YALGpvLXqCgsRT0tprA=="
    },
    "jquery": {
      "version": "3.5.1",
      "resolved": "https://registry.npmjs.org/jquery/-/jquery-3.5.1.tgz",
      "integrity": "sha512-XwIBPqcMn57FxfT+Go5pzySnm4KWkT1Tv7gjrpT1srtf8Weynl6R273VJ5GjkRb51IzMp5nbaPjJXMWeju2MKg=="
    },
    "jquery.easing": {
      "version": "1.4.1",
      "resolved": "https://registry.npmjs.org/jquery.easing/-/jquery.easing-1.4.1.tgz",
      "integrity": "sha1-R5gsWDa9dY/UhJSSPEoQHvbpPjs="
    },
    "owl.carousel": {
      "version": "2.3.4",
      "resolved": "https://registry.npmjs.org/owl.carousel/-/owl.carousel-2.3.4.tgz",
      "integrity": "sha512-JaDss9+feAvEW8KZppPSpllfposEzQiW+Ytt/Xm5t/3CTJ7YVmkh6RkWixoA2yXk2boIwedYxOvrrppIGzru9A==",
      "requires": {
        "jquery": ">=1.8.3"
      }
    },
    "typed": {
      "version": "0.3.3",
      "resolved": "https://registry.npmjs.org/typed/-/typed-0.3.3.tgz",
      "integrity": "sha1-kwRf0pKU+Q+fGbYSAC0nZsaArhc="
    },
    "venobox": {
      "version": "1.9.1",
      "resolved": "https://registry.npmjs.org/venobox/-/venobox-1.9.1.tgz",
      "integrity": "sha512-vFxk2cfElpH115u05a5aOtjkXLbQPwhNg/XHRpcfD9b4/Ry5eTUrGoae3qG7YJLFjKsXKKPhjLTdwFv0l0uwYg==",
      "requires": {
        "jquery": ">=1.7.0"
      }
    }
  }
}
